
Microsoft Visual Studio Solution File, Format Version 12.00
# Visual Studio Version 17
VisualStudioVersion = 17.0.31903.59
MinimumVisualStudioVersion = 10.0.40219.1
Project("{FAE04EC0-301F-11D3-BF4B-00C04F79EFBC}") = "Sofa.Core", "src\Sofa.Core\Sofa.Core.csproj", "{77291DF1-6973-440A-AB88-A236F038D142}"
EndProject
Project("{FAE04EC0-301F-11D3-BF4B-00C04F79EFBC}") = "Sofa.Engine", "src\Sofa.Engine\Sofa.Engine.csproj", "{8996EB19-4495-4460-9356-7ACDFBD4B1C5}"
EndProject
Project("{FAE04EC0-301F-11D3-BF4B-00C04F79EFBC}") = "Sofa.Database", "src\Sofa.Database\Sofa.Database.csproj", "{8781895A-6151-455F-B2E2-44D343122D93}"
EndProject
Global
	GlobalSection(SolutionConfigurationPlatforms) = preSolution
		Debug|Any CPU = Debug|Any CPU
		Release|Any CPU = Release|Any CPU
	EndGlobalSection
	GlobalSection(SolutionProperties) = preSolution
		HideSolutionNode = FALSE
	EndGlobalSection
	GlobalSection(ProjectConfigurationPlatforms) = postSolution
		{77291DF1-6973-440A-AB88-A236F038D142}.Debug|Any CPU.ActiveCfg = Debug|Any CPU
		{77291DF1-6973-440A-AB88-A236F038D142}.Debug|Any CPU.Build.0 = Debug|Any CPU
		{77291DF1-6973-440A-AB88-A236F038D142}.Release|Any CPU.ActiveCfg = Release|Any CPU
		{77291DF1-6973-440A-AB88-A236F038D142}.Release|Any CPU.Build.0 = Release|Any CPU
		{8996EB19-4495-4460-9356-7ACDFBD4B1C5}.Debug|Any CPU.ActiveCfg = Debug|Any CPU
		{8996EB19-4495-4460-9356-7ACDFBD4B1C5}.Debug|Any CPU.Build.0 = Debug|Any CPU
		{8996EB19-4495-4460-9356-7ACDFBD4B1C5}.Release|Any CPU.ActiveCfg = Release|Any CPU
		{8996EB19-4495-4460-9356-7ACDFBD4B1C5}.Release|Any CPU.Build.0 = Release|Any CPU
		{8781895A-6151-455F-B2E2-44D343122D93}.Debug|Any CPU.ActiveCfg = Debug|Any CPU
		{8781895A-6151-455F-B2E2-44D343122D93}.Debug|Any CPU.Build.0 = Debug|Any CPU
		{8781895A-6151-455F-B2E2-44D343122D93}.Release|Any CPU.ActiveCfg = Release|Any CPU
		{8781895A-6151-455F-B2E2-44D343122D93}.Release|Any CPU.Build.0 = Release|Any CPU
	EndGlobalSection
EndGlobal
